
Microsoft Visual Studio Solution File, Format Version 12.00
# Visual Studio Version 16
VisualStudioVersion = 16.0.30804.86
MinimumVisualStudioVersion = 10.0.40219.1
Project("{FAE04EC0-301F-11D3-BF4B-00C04F79EFBC}") = "MetaNode", "MetaNode\MetaNode.csproj", "{5941F17B-E1F0-42A6-B2C5-B34E16CB9708}"
EndProject
Global
	GlobalSection(SolutionConfigurationPlatforms) = preSolution
		Debug|Any CPU = Debug|Any CPU
		Release|Any CPU = Release|Any CPU
	EndGlobalSection
	GlobalSection(ProjectConfigurationPlatforms) = postSolution
		{5941F17B-E1F0-42A6-B2C5-B34E16CB9708}.Debug|Any CPU.ActiveCfg = Debug|Any CPU
		{5941F17B-E1F0-42A6-B2C5-B34E16CB9708}.Debug|Any CPU.Build.0 = Debug|Any CPU
		{5941F17B-E1F0-42A6-B2C5-B34E16CB9708}.Release|Any CPU.ActiveCfg = Release|Any CPU
		{5941F17B-E1F0-42A6-B2C5-B34E16CB9708}.Release|Any CPU.Build.0 = Release|Any CPU
	EndGlobalSection
	GlobalSection(SolutionProperties) = preSolution
		HideSolutionNode = FALSE
	EndGlobalSection
	GlobalSection(ExtensibilityGlobals) = postSolution
		SolutionGuid = {0CC1AE3F-25AF-47C9-9DD7-C7D601E090F6}
	EndGlobalSection
EndGlobal
